{
  "version": 1,
  "dependencies": {
    "net7.0-windows7.0": {
      "DalamudPackager": {
        "type": "Direct",
        "requested": "[2.1.11, )",
        "resolved": "2.1.11",
        "contentHash": "9qlAWoRRTiL/geAvuwR/g6Bcbrd/bJJgVnB/RurBiyKs6srsP0bvpoo8IK+Eg8EA6jWeM6/YJWs66w4FIAzqPw=="
      },
      "MQTTnet": {
        "type": "Direct",
        "requested": "[4.2.1.781, )",
        "resolved": "4.2.1.781",
        "contentHash": "oKPAoW1Ynukm6ws6P3NmmMlNb3xIlPVf/89WVCkoWOJdz1dYtAdGYRdqe876pVsPru4j0uyU/hKf7iL3NU1r6w=="
      },
      "MQTTnet.Extensions.ManagedClient": {
        "type": "Direct",
        "requested": "[4.2.1.781, )",
        "resolved": "4.2.1.781",
        "contentHash": "JkW4/p9ZgfV/w33AO1Ug5liAnQCdcXoytKx4BVgU5LznaasMDv24skMKkGyOf+/XO24OdFbbpx8kr9u13HJ/7w==",
        "dependencies": {
          "MQTTnet": "4.2.1.781"
        }
      }
    }
  }
}