{
  "version": 1,
  "dependencies": {
    "net7.0-windows7.0": {
      "DalamudPackager": {
        "type": "Direct",
        "requested": "[2.1.11, )",
        "resolved": "2.1.11",
        "contentHash": "9qlAWoRRTiL/geAvuwR/g6Bcbrd/bJJgVnB/RurBiyKs6srsP0bvpoo8IK+Eg8EA6jWeM6/YJWs66w4FIAzqPw=="
      },
      "MQTTnet": {
        "type": "Direct",
        "requested": "[4.2.0.706, )",
        "resolved": "4.2.0.706",
        "contentHash": "WvGqQL9PbnG8wl/uMYTVRYXiZfiJE15M6RYNboGaFMSqPNPWy3iNq0bDPFwKgKFpbriNlSsSXOZQFMvpr5N62A=="
      },
      "MQTTnet.Extensions.ManagedClient": {
        "type": "Direct",
        "requested": "[4.2.0.706, )",
        "resolved": "4.2.0.706",
        "contentHash": "k5ai4QELBN085JloEWDFzLPeskVH+Qf4tFzYlsCgmK54QtjLSVC4A4N4OzCk5iCPbyQbzmAZ1ASnO1HkBd0QFg==",
        "dependencies": {
          "MQTTnet": "4.2.0.706"
        }
      }
    }
  }
}